
Microsoft Visual Studio Solution File, Format Version 12.00
Project("{FAE04EC0-301F-11D3-BF4B-00C04F79EFBC}") = "StringLibrary", "StringLibrary\StringLibrary.csproj", "{0711C7DD-9C48-41F3-B82B-B8F4865BB651}"
EndProject
Project("{FAE04EC0-301F-11D3-BF4B-00C04F79EFBC}") = "ShowCase", "ShowCase\ShowCase.csproj", "{4E891504-2B21-468D-816F-5FA13C403CB3}"
EndProject
Project("{FAE04EC0-301F-11D3-BF4B-00C04F79EFBC}") = "StringLibraryTest", "StringLibraryTest\StringLibraryTest.csproj", "{8705CE81-B8AB-4775-9CE1-1C333A2C10F5}"
EndProject
Global
	GlobalSection(SolutionConfigurationPlatforms) = preSolution
		Debug|Any CPU = Debug|Any CPU
		Release|Any CPU = Release|Any CPU
	EndGlobalSection
	GlobalSection(ProjectConfigurationPlatforms) = postSolution
		{0711C7DD-9C48-41F3-B82B-B8F4865BB651}.Debug|Any CPU.ActiveCfg = Debug|Any CPU
		{0711C7DD-9C48-41F3-B82B-B8F4865BB651}.Debug|Any CPU.Build.0 = Debug|Any CPU
		{0711C7DD-9C48-41F3-B82B-B8F4865BB651}.Release|Any CPU.ActiveCfg = Release|Any CPU
		{0711C7DD-9C48-41F3-B82B-B8F4865BB651}.Release|Any CPU.Build.0 = Release|Any CPU
		{4E891504-2B21-468D-816F-5FA13C403CB3}.Debug|Any CPU.ActiveCfg = Debug|Any CPU
		{4E891504-2B21-468D-816F-5FA13C403CB3}.Debug|Any CPU.Build.0 = Debug|Any CPU
		{4E891504-2B21-468D-816F-5FA13C403CB3}.Release|Any CPU.ActiveCfg = Release|Any CPU
		{4E891504-2B21-468D-816F-5FA13C403CB3}.Release|Any CPU.Build.0 = Release|Any CPU
		{8705CE81-B8AB-4775-9CE1-1C333A2C10F5}.Debug|Any CPU.ActiveCfg = Debug|Any CPU
		{8705CE81-B8AB-4775-9CE1-1C333A2C10F5}.Debug|Any CPU.Build.0 = Debug|Any CPU
		{8705CE81-B8AB-4775-9CE1-1C333A2C10F5}.Release|Any CPU.ActiveCfg = Release|Any CPU
		{8705CE81-B8AB-4775-9CE1-1C333A2C10F5}.Release|Any CPU.Build.0 = Release|Any CPU
	EndGlobalSection
EndGlobal
